
Microsoft Visual Studio Solution File, Format Version 12.00
# Visual Studio 15
VisualStudioVersion = 15.0.28307.106
MinimumVisualStudioVersion = 10.0.40219.1
Project("{FAE04EC0-301F-11D3-BF4B-00C04F79EFBC}") = "C Sharp Project", "C Sharp Project.csproj", "{BA8A2D95-41CD-45FA-B9ED-CE4BCE52DCDE}"
EndProject
Project("{FAE04EC0-301F-11D3-BF4B-00C04F79EFBC}") = "WeaponsCreater", "..\WeaponsCreater\WeaponsCreater.csproj", "{8AE12A8D-1642-4F7F-8C67-247825D5F471}"
EndProject
Project("{FAE04EC0-301F-11D3-BF4B-00C04F79EFBC}") = "LinkedList", "..\LinkedList\LinkedList.csproj", "{E3AE164A-40A0-4F4B-A4A5-7646209DEDDE}"
EndProject
Project("{FAE04EC0-301F-11D3-BF4B-00C04F79EFBC}") = "WFA Tool", "..\WFA Tool\WFA Tool.csproj", "{F730D3C5-D58D-4C99-9BCF-473AC66DC6F3}"
EndProject
Global
	GlobalSection(SolutionConfigurationPlatforms) = preSolution
		Debug|Any CPU = Debug|Any CPU
		Release|Any CPU = Release|Any CPU
	EndGlobalSection
	GlobalSection(ProjectConfigurationPlatforms) = postSolution
		{BA8A2D95-41CD-45FA-B9ED-CE4BCE52DCDE}.Debug|Any CPU.ActiveCfg = Debug|Any CPU
		{BA8A2D95-41CD-45FA-B9ED-CE4BCE52DCDE}.Debug|Any CPU.Build.0 = Debug|Any CPU
		{BA8A2D95-41CD-45FA-B9ED-CE4BCE52DCDE}.Release|Any CPU.ActiveCfg = Release|Any CPU
		{BA8A2D95-41CD-45FA-B9ED-CE4BCE52DCDE}.Release|Any CPU.Build.0 = Release|Any CPU
		{8AE12A8D-1642-4F7F-8C67-247825D5F471}.Debug|Any CPU.ActiveCfg = Debug|Any CPU
		{8AE12A8D-1642-4F7F-8C67-247825D5F471}.Debug|Any CPU.Build.0 = Debug|Any CPU
		{8AE12A8D-1642-4F7F-8C67-247825D5F471}.Release|Any CPU.ActiveCfg = Release|Any CPU
		{8AE12A8D-1642-4F7F-8C67-247825D5F471}.Release|Any CPU.Build.0 = Release|Any CPU
		{E3AE164A-40A0-4F4B-A4A5-7646209DEDDE}.Debug|Any CPU.ActiveCfg = Debug|Any CPU
		{E3AE164A-40A0-4F4B-A4A5-7646209DEDDE}.Debug|Any CPU.Build.0 = Debug|Any CPU
		{E3AE164A-40A0-4F4B-A4A5-7646209DEDDE}.Release|Any CPU.ActiveCfg = Release|Any CPU
		{E3AE164A-40A0-4F4B-A4A5-7646209DEDDE}.Release|Any CPU.Build.0 = Release|Any CPU
		{F730D3C5-D58D-4C99-9BCF-473AC66DC6F3}.Debug|Any CPU.ActiveCfg = Debug|Any CPU
		{F730D3C5-D58D-4C99-9BCF-473AC66DC6F3}.Debug|Any CPU.Build.0 = Debug|Any CPU
		{F730D3C5-D58D-4C99-9BCF-473AC66DC6F3}.Release|Any CPU.ActiveCfg = Release|Any CPU
		{F730D3C5-D58D-4C99-9BCF-473AC66DC6F3}.Release|Any CPU.Build.0 = Release|Any CPU
	EndGlobalSection
	GlobalSection(SolutionProperties) = preSolution
		HideSolutionNode = FALSE
	EndGlobalSection
	GlobalSection(ExtensibilityGlobals) = postSolution
		SolutionGuid = {A58A7FA7-C5C9-48EC-991C-CCFD5F85443A}
	EndGlobalSection
EndGlobal
