
Microsoft Visual Studio Solution File, Format Version 12.00
# Visual Studio 15
VisualStudioVersion = 15.0.28307.106
MinimumVisualStudioVersion = 10.0.40219.1
Project("{8BC9CEB8-8B4A-11D0-8D11-00A0C91BC942}") = "Bootstrap", "bootstrap\Bootstrap.vcxproj", "{AF59BB0B-E059-4773-83DC-728A949647DA}"
EndProject
Project("{8BC9CEB8-8B4A-11D0-8D11-00A0C91BC942}") = "Project2D", "Project2D\Project2D.vcxproj", "{3F428D0C-1CC8-47C3-818A-A3C2972C74C9}"
	ProjectSection(ProjectDependencies) = postProject
		{AF59BB0B-E059-4773-83DC-728A949647DA} = {AF59BB0B-E059-4773-83DC-728A949647DA}
	EndProjectSection
EndProject
Project("{8BC9CEB8-8B4A-11D0-8D11-00A0C91BC942}") = "Project3D", "Project3D\Project3D.vcxproj", "{EA21C4DF-E331-4FCF-8513-14A3F56B77F3}"
	ProjectSection(ProjectDependencies) = postProject
		{AF59BB0B-E059-4773-83DC-728A949647DA} = {AF59BB0B-E059-4773-83DC-728A949647DA}
	EndProjectSection
EndProject
Project("{8BC9CEB8-8B4A-11D0-8D11-00A0C91BC942}") = "SIMON - GAME", "SIMON - GAME\SIMON - GAME.vcxproj", "{DEA49362-B428-4215-8D64-4EA0B4FF0858}"
	ProjectSection(ProjectDependencies) = postProject
		{AF59BB0B-E059-4773-83DC-728A949647DA} = {AF59BB0B-E059-4773-83DC-728A949647DA}
	EndProjectSection
EndProject
Project("{8BC9CEB8-8B4A-11D0-8D11-00A0C91BC942}") = "Binary Trees", "Binary Trees\Binary Trees.vcxproj", "{29F2A90F-6683-4591-B739-57D9D9EB5626}"
EndProject
Project("{8BC9CEB8-8B4A-11D0-8D11-00A0C91BC942}") = "LinkedList", "LinkedList\LinkedList.vcxproj", "{FEE23910-2B07-4CB9-A008-233E98B9D98B}"
EndProject
Project("{8BC9CEB8-8B4A-11D0-8D11-00A0C91BC942}") = "HASHING", "HASHING\HASHING.vcxproj", "{E1E1B365-FC37-4FFD-8864-96CC62B49A14}"
EndProject
Project("{8BC9CEB8-8B4A-11D0-8D11-00A0C91BC942}") = "MyExecRefsLib", "MyExecRefsLib\MyExecRefsLib.vcxproj", "{8923CE47-0E8D-42F5-9872-887CEEC7851E}"
EndProject
Project("{8BC9CEB8-8B4A-11D0-8D11-00A0C91BC942}") = "DynamicArray", "DynamicArray\DynamicArray.vcxproj", "{9726118F-E8EB-4D45-A3EF-8EBA88C77C6A}"
EndProject
Project("{8BC9CEB8-8B4A-11D0-8D11-00A0C91BC942}") = "Agent", "Agent\Agent.vcxproj", "{D1AFC51B-2AAE-49DE-897B-0A881D4FDC70}"
EndProject
Project("{8BC9CEB8-8B4A-11D0-8D11-00A0C91BC942}") = "EntityDisplay", "EntityDisplay\EntityDisplay.vcxproj", "{9F01EB4C-A22E-4EDA-8E1A-959936493757}"
EndProject
Project("{8BC9CEB8-8B4A-11D0-8D11-00A0C91BC942}") = "EntityEditor", "EntityEditor\EntityEditor.vcxproj", "{4FF3518C-6184-4F52-8844-181D99EC1082}"
	ProjectSection(ProjectDependencies) = postProject
		{AF59BB0B-E059-4773-83DC-728A949647DA} = {AF59BB0B-E059-4773-83DC-728A949647DA}
	EndProjectSection
EndProject
Project("{8BC9CEB8-8B4A-11D0-8D11-00A0C91BC942}") = "TankAssignment", "TankAssignment\TankAssignment.vcxproj", "{7F429490-ED97-497B-9556-30C5D4BD716B}"
EndProject
Project("{8BC9CEB8-8B4A-11D0-8D11-00A0C91BC942}") = "MathFuncLib", "MathFuncLib\MathFuncLib.vcxproj", "{5AA12584-9064-472A-A04E-CB2A911EF271}"
EndProject
Global
	GlobalSection(SolutionConfigurationPlatforms) = preSolution
		Debug|Win32 = Debug|Win32
		Debug|x64 = Debug|x64
		Debug|x86 = Debug|x86
		Release|Win32 = Release|Win32
		Release|x64 = Release|x64
		Release|x86 = Release|x86
	EndGlobalSection
	GlobalSection(ProjectConfigurationPlatforms) = postSolution
		{AF59BB0B-E059-4773-83DC-728A949647DA}.Debug|Win32.ActiveCfg = Debug|Win32
		{AF59BB0B-E059-4773-83DC-728A949647DA}.Debug|Win32.Build.0 = Debug|Win32
		{AF59BB0B-E059-4773-83DC-728A949647DA}.Debug|x64.ActiveCfg = Debug|x64
		{AF59BB0B-E059-4773-83DC-728A949647DA}.Debug|x64.Build.0 = Debug|x64
		{AF59BB0B-E059-4773-83DC-728A949647DA}.Debug|x86.ActiveCfg = Debug|Win32
		{AF59BB0B-E059-4773-83DC-728A949647DA}.Debug|x86.Build.0 = Debug|Win32
		{AF59BB0B-E059-4773-83DC-728A949647DA}.Release|Win32.ActiveCfg = Release|Win32
		{AF59BB0B-E059-4773-83DC-728A949647DA}.Release|Win32.Build.0 = Release|Win32
		{AF59BB0B-E059-4773-83DC-728A949647DA}.Release|x64.ActiveCfg = Release|x64
		{AF59BB0B-E059-4773-83DC-728A949647DA}.Release|x64.Build.0 = Release|x64
		{AF59BB0B-E059-4773-83DC-728A949647DA}.Release|x86.ActiveCfg = Release|Win32
		{AF59BB0B-E059-4773-83DC-728A949647DA}.Release|x86.Build.0 = Release|Win32
		{3F428D0C-1CC8-47C3-818A-A3C2972C74C9}.Debug|Win32.ActiveCfg = Debug|Win32
		{3F428D0C-1CC8-47C3-818A-A3C2972C74C9}.Debug|Win32.Build.0 = Debug|Win32
		{3F428D0C-1CC8-47C3-818A-A3C2972C74C9}.Debug|x64.ActiveCfg = Debug|x64
		{3F428D0C-1CC8-47C3-818A-A3C2972C74C9}.Debug|x64.Build.0 = Debug|x64
		{3F428D0C-1CC8-47C3-818A-A3C2972C74C9}.Debug|x86.ActiveCfg = Debug|Win32
		{3F428D0C-1CC8-47C3-818A-A3C2972C74C9}.Debug|x86.Build.0 = Debug|Win32
		{3F428D0C-1CC8-47C3-818A-A3C2972C74C9}.Release|Win32.ActiveCfg = Release|Win32
		{3F428D0C-1CC8-47C3-818A-A3C2972C74C9}.Release|Win32.Build.0 = Release|Win32
		{3F428D0C-1CC8-47C3-818A-A3C2972C74C9}.Release|x64.ActiveCfg = Release|x64
		{3F428D0C-1CC8-47C3-818A-A3C2972C74C9}.Release|x64.Build.0 = Release|x64
		{3F428D0C-1CC8-47C3-818A-A3C2972C74C9}.Release|x86.ActiveCfg = Release|Win32
		{3F428D0C-1CC8-47C3-818A-A3C2972C74C9}.Release|x86.Build.0 = Release|Win32
		{EA21C4DF-E331-4FCF-8513-14A3F56B77F3}.Debug|Win32.ActiveCfg = Debug|Win32
		{EA21C4DF-E331-4FCF-8513-14A3F56B77F3}.Debug|Win32.Build.0 = Debug|Win32
		{EA21C4DF-E331-4FCF-8513-14A3F56B77F3}.Debug|x64.ActiveCfg = Debug|x64
		{EA21C4DF-E331-4FCF-8513-14A3F56B77F3}.Debug|x64.Build.0 = Debug|x64
		{EA21C4DF-E331-4FCF-8513-14A3F56B77F3}.Debug|x86.ActiveCfg = Debug|Win32
		{EA21C4DF-E331-4FCF-8513-14A3F56B77F3}.Debug|x86.Build.0 = Debug|Win32
		{EA21C4DF-E331-4FCF-8513-14A3F56B77F3}.Release|Win32.ActiveCfg = Release|Win32
		{EA21C4DF-E331-4FCF-8513-14A3F56B77F3}.Release|Win32.Build.0 = Release|Win32
		{EA21C4DF-E331-4FCF-8513-14A3F56B77F3}.Release|x64.ActiveCfg = Release|x64
		{EA21C4DF-E331-4FCF-8513-14A3F56B77F3}.Release|x64.Build.0 = Release|x64
		{EA21C4DF-E331-4FCF-8513-14A3F56B77F3}.Release|x86.ActiveCfg = Release|Win32
		{EA21C4DF-E331-4FCF-8513-14A3F56B77F3}.Release|x86.Build.0 = Release|Win32
		{DEA49362-B428-4215-8D64-4EA0B4FF0858}.Debug|Win32.ActiveCfg = Debug|Win32
		{DEA49362-B428-4215-8D64-4EA0B4FF0858}.Debug|Win32.Build.0 = Debug|Win32
		{DEA49362-B428-4215-8D64-4EA0B4FF0858}.Debug|x64.ActiveCfg = Debug|x64
		{DEA49362-B428-4215-8D64-4EA0B4FF0858}.Debug|x64.Build.0 = Debug|x64
		{DEA49362-B428-4215-8D64-4EA0B4FF0858}.Debug|x86.ActiveCfg = Debug|Win32
		{DEA49362-B428-4215-8D64-4EA0B4FF0858}.Debug|x86.Build.0 = Debug|Win32
		{DEA49362-B428-4215-8D64-4EA0B4FF0858}.Release|Win32.ActiveCfg = Release|Win32
		{DEA49362-B428-4215-8D64-4EA0B4FF0858}.Release|Win32.Build.0 = Release|Win32
		{DEA49362-B428-4215-8D64-4EA0B4FF0858}.Release|x64.ActiveCfg = Release|x64
		{DEA49362-B428-4215-8D64-4EA0B4FF0858}.Release|x64.Build.0 = Release|x64
		{DEA49362-B428-4215-8D64-4EA0B4FF0858}.Release|x86.ActiveCfg = Release|Win32
		{DEA49362-B428-4215-8D64-4EA0B4FF0858}.Release|x86.Build.0 = Release|Win32
		{29F2A90F-6683-4591-B739-57D9D9EB5626}.Debug|Win32.ActiveCfg = Debug|Win32
		{29F2A90F-6683-4591-B739-57D9D9EB5626}.Debug|x64.ActiveCfg = Debug|x64
		{29F2A90F-6683-4591-B739-57D9D9EB5626}.Debug|x64.Build.0 = Debug|x64
		{29F2A90F-6683-4591-B739-57D9D9EB5626}.Debug|x86.ActiveCfg = Debug|Win32
		{29F2A90F-6683-4591-B739-57D9D9EB5626}.Debug|x86.Build.0 = Debug|Win32
		{29F2A90F-6683-4591-B739-57D9D9EB5626}.Release|Win32.ActiveCfg = Release|Win32
		{29F2A90F-6683-4591-B739-57D9D9EB5626}.Release|x64.ActiveCfg = Release|x64
		{29F2A90F-6683-4591-B739-57D9D9EB5626}.Release|x64.Build.0 = Release|x64
		{29F2A90F-6683-4591-B739-57D9D9EB5626}.Release|x86.ActiveCfg = Release|Win32
		{29F2A90F-6683-4591-B739-57D9D9EB5626}.Release|x86.Build.0 = Release|Win32
		{FEE23910-2B07-4CB9-A008-233E98B9D98B}.Debug|Win32.ActiveCfg = Debug|Win32
		{FEE23910-2B07-4CB9-A008-233E98B9D98B}.Debug|Win32.Build.0 = Debug|Win32
		{FEE23910-2B07-4CB9-A008-233E98B9D98B}.Debug|x64.ActiveCfg = Debug|x64
		{FEE23910-2B07-4CB9-A008-233E98B9D98B}.Debug|x64.Build.0 = Debug|x64
		{FEE23910-2B07-4CB9-A008-233E98B9D98B}.Debug|x86.ActiveCfg = Debug|Win32
		{FEE23910-2B07-4CB9-A008-233E98B9D98B}.Debug|x86.Build.0 = Debug|Win32
		{FEE23910-2B07-4CB9-A008-233E98B9D98B}.Release|Win32.ActiveCfg = Release|Win32
		{FEE23910-2B07-4CB9-A008-233E98B9D98B}.Release|Win32.Build.0 = Release|Win32
		{FEE23910-2B07-4CB9-A008-233E98B9D98B}.Release|x64.ActiveCfg = Release|x64
		{FEE23910-2B07-4CB9-A008-233E98B9D98B}.Release|x64.Build.0 = Release|x64
		{FEE23910-2B07-4CB9-A008-233E98B9D98B}.Release|x86.ActiveCfg = Release|Win32
		{FEE23910-2B07-4CB9-A008-233E98B9D98B}.Release|x86.Build.0 = Release|Win32
		{E1E1B365-FC37-4FFD-8864-96CC62B49A14}.Debug|Win32.ActiveCfg = Debug|Win32
		{E1E1B365-FC37-4FFD-8864-96CC62B49A14}.Debug|Win32.Build.0 = Debug|Win32
		{E1E1B365-FC37-4FFD-8864-96CC62B49A14}.Debug|x64.ActiveCfg = Debug|x64
		{E1E1B365-FC37-4FFD-8864-96CC62B49A14}.Debug|x64.Build.0 = Debug|x64
		{E1E1B365-FC37-4FFD-8864-96CC62B49A14}.Debug|x86.ActiveCfg = Debug|Win32
		{E1E1B365-FC37-4FFD-8864-96CC62B49A14}.Debug|x86.Build.0 = Debug|Win32
		{E1E1B365-FC37-4FFD-8864-96CC62B49A14}.Release|Win32.ActiveCfg = Release|Win32
		{E1E1B365-FC37-4FFD-8864-96CC62B49A14}.Release|Win32.Build.0 = Release|Win32
		{E1E1B365-FC37-4FFD-8864-96CC62B49A14}.Release|x64.ActiveCfg = Release|x64
		{E1E1B365-FC37-4FFD-8864-96CC62B49A14}.Release|x64.Build.0 = Release|x64
		{E1E1B365-FC37-4FFD-8864-96CC62B49A14}.Release|x86.ActiveCfg = Release|Win32
		{E1E1B365-FC37-4FFD-8864-96CC62B49A14}.Release|x86.Build.0 = Release|Win32
		{8923CE47-0E8D-42F5-9872-887CEEC7851E}.Debug|Win32.ActiveCfg = Debug|Win32
		{8923CE47-0E8D-42F5-9872-887CEEC7851E}.Debug|Win32.Build.0 = Debug|Win32
		{8923CE47-0E8D-42F5-9872-887CEEC7851E}.Debug|x64.ActiveCfg = Debug|x64
		{8923CE47-0E8D-42F5-9872-887CEEC7851E}.Debug|x64.Build.0 = Debug|x64
		{8923CE47-0E8D-42F5-9872-887CEEC7851E}.Debug|x86.ActiveCfg = Debug|Win32
		{8923CE47-0E8D-42F5-9872-887CEEC7851E}.Debug|x86.Build.0 = Debug|Win32
		{8923CE47-0E8D-42F5-9872-887CEEC7851E}.Release|Win32.ActiveCfg = Release|Win32
		{8923CE47-0E8D-42F5-9872-887CEEC7851E}.Release|Win32.Build.0 = Release|Win32
		{8923CE47-0E8D-42F5-9872-887CEEC7851E}.Release|x64.ActiveCfg = Release|x64
		{8923CE47-0E8D-42F5-9872-887CEEC7851E}.Release|x64.Build.0 = Release|x64
		{8923CE47-0E8D-42F5-9872-887CEEC7851E}.Release|x86.ActiveCfg = Release|Win32
		{8923CE47-0E8D-42F5-9872-887CEEC7851E}.Release|x86.Build.0 = Release|Win32
		{9726118F-E8EB-4D45-A3EF-8EBA88C77C6A}.Debug|Win32.ActiveCfg = Debug|Win32
		{9726118F-E8EB-4D45-A3EF-8EBA88C77C6A}.Debug|Win32.Build.0 = Debug|Win32
		{9726118F-E8EB-4D45-A3EF-8EBA88C77C6A}.Debug|x64.ActiveCfg = Debug|x64
		{9726118F-E8EB-4D45-A3EF-8EBA88C77C6A}.Debug|x64.Build.0 = Debug|x64
		{9726118F-E8EB-4D45-A3EF-8EBA88C77C6A}.Debug|x86.ActiveCfg = Debug|Win32
		{9726118F-E8EB-4D45-A3EF-8EBA88C77C6A}.Debug|x86.Build.0 = Debug|Win32
		{9726118F-E8EB-4D45-A3EF-8EBA88C77C6A}.Release|Win32.ActiveCfg = Release|Win32
		{9726118F-E8EB-4D45-A3EF-8EBA88C77C6A}.Release|Win32.Build.0 = Release|Win32
		{9726118F-E8EB-4D45-A3EF-8EBA88C77C6A}.Release|x64.ActiveCfg = Release|x64
		{9726118F-E8EB-4D45-A3EF-8EBA88C77C6A}.Release|x64.Build.0 = Release|x64
		{9726118F-E8EB-4D45-A3EF-8EBA88C77C6A}.Release|x86.ActiveCfg = Release|Win32
		{9726118F-E8EB-4D45-A3EF-8EBA88C77C6A}.Release|x86.Build.0 = Release|Win32
		{D1AFC51B-2AAE-49DE-897B-0A881D4FDC70}.Debug|Win32.ActiveCfg = Debug|Win32
		{D1AFC51B-2AAE-49DE-897B-0A881D4FDC70}.Debug|Win32.Build.0 = Debug|Win32
		{D1AFC51B-2AAE-49DE-897B-0A881D4FDC70}.Debug|x64.ActiveCfg = Debug|x64
		{D1AFC51B-2AAE-49DE-897B-0A881D4FDC70}.Debug|x64.Build.0 = Debug|x64
		{D1AFC51B-2AAE-49DE-897B-0A881D4FDC70}.Debug|x86.ActiveCfg = Debug|Win32
		{D1AFC51B-2AAE-49DE-897B-0A881D4FDC70}.Debug|x86.Build.0 = Debug|Win32
		{D1AFC51B-2AAE-49DE-897B-0A881D4FDC70}.Release|Win32.ActiveCfg = Release|Win32
		{D1AFC51B-2AAE-49DE-897B-0A881D4FDC70}.Release|Win32.Build.0 = Release|Win32
		{D1AFC51B-2AAE-49DE-897B-0A881D4FDC70}.Release|x64.ActiveCfg = Release|x64
		{D1AFC51B-2AAE-49DE-897B-0A881D4FDC70}.Release|x64.Build.0 = Release|x64
		{D1AFC51B-2AAE-49DE-897B-0A881D4FDC70}.Release|x86.ActiveCfg = Release|Win32
		{D1AFC51B-2AAE-49DE-897B-0A881D4FDC70}.Release|x86.Build.0 = Release|Win32
		{9F01EB4C-A22E-4EDA-8E1A-959936493757}.Debug|Win32.ActiveCfg = Debug|Win32
		{9F01EB4C-A22E-4EDA-8E1A-959936493757}.Debug|Win32.Build.0 = Debug|Win32
		{9F01EB4C-A22E-4EDA-8E1A-959936493757}.Debug|x64.ActiveCfg = Debug|x64
		{9F01EB4C-A22E-4EDA-8E1A-959936493757}.Debug|x64.Build.0 = Debug|x64
		{9F01EB4C-A22E-4EDA-8E1A-959936493757}.Debug|x86.ActiveCfg = Debug|x64
		{9F01EB4C-A22E-4EDA-8E1A-959936493757}.Release|Win32.ActiveCfg = Release|Win32
		{9F01EB4C-A22E-4EDA-8E1A-959936493757}.Release|Win32.Build.0 = Release|Win32
		{9F01EB4C-A22E-4EDA-8E1A-959936493757}.Release|x64.ActiveCfg = Release|x64
		{9F01EB4C-A22E-4EDA-8E1A-959936493757}.Release|x64.Build.0 = Release|x64
		{9F01EB4C-A22E-4EDA-8E1A-959936493757}.Release|x86.ActiveCfg = Release|x64
		{4FF3518C-6184-4F52-8844-181D99EC1082}.Debug|Win32.ActiveCfg = Debug|Win32
		{4FF3518C-6184-4F52-8844-181D99EC1082}.Debug|Win32.Build.0 = Debug|Win32
		{4FF3518C-6184-4F52-8844-181D99EC1082}.Debug|x64.ActiveCfg = Debug|x64
		{4FF3518C-6184-4F52-8844-181D99EC1082}.Debug|x64.Build.0 = Debug|x64
		{4FF3518C-6184-4F52-8844-181D99EC1082}.Debug|x86.ActiveCfg = Debug|x64
		{4FF3518C-6184-4F52-8844-181D99EC1082}.Release|Win32.ActiveCfg = Release|Win32
		{4FF3518C-6184-4F52-8844-181D99EC1082}.Release|Win32.Build.0 = Release|Win32
		{4FF3518C-6184-4F52-8844-181D99EC1082}.Release|x64.ActiveCfg = Release|x64
		{4FF3518C-6184-4F52-8844-181D99EC1082}.Release|x64.Build.0 = Release|x64
		{4FF3518C-6184-4F52-8844-181D99EC1082}.Release|x86.ActiveCfg = Release|x64
		{7F429490-ED97-497B-9556-30C5D4BD716B}.Debug|Win32.ActiveCfg = Debug|Win32
		{7F429490-ED97-497B-9556-30C5D4BD716B}.Debug|Win32.Build.0 = Debug|Win32
		{7F429490-ED97-497B-9556-30C5D4BD716B}.Debug|x64.ActiveCfg = Debug|x64
		{7F429490-ED97-497B-9556-30C5D4BD716B}.Debug|x64.Build.0 = Debug|x64
		{7F429490-ED97-497B-9556-30C5D4BD716B}.Debug|x86.ActiveCfg = Debug|Win32
		{7F429490-ED97-497B-9556-30C5D4BD716B}.Debug|x86.Build.0 = Debug|Win32
		{7F429490-ED97-497B-9556-30C5D4BD716B}.Release|Win32.ActiveCfg = Release|Win32
		{7F429490-ED97-497B-9556-30C5D4BD716B}.Release|Win32.Build.0 = Release|Win32
		{7F429490-ED97-497B-9556-30C5D4BD716B}.Release|x64.ActiveCfg = Release|x64
		{7F429490-ED97-497B-9556-30C5D4BD716B}.Release|x64.Build.0 = Release|x64
		{7F429490-ED97-497B-9556-30C5D4BD716B}.Release|x86.ActiveCfg = Release|Win32
		{7F429490-ED97-497B-9556-30C5D4BD716B}.Release|x86.Build.0 = Release|Win32
		{5AA12584-9064-472A-A04E-CB2A911EF271}.Debug|Win32.ActiveCfg = Debug|Win32
		{5AA12584-9064-472A-A04E-CB2A911EF271}.Debug|Win32.Build.0 = Debug|Win32
		{5AA12584-9064-472A-A04E-CB2A911EF271}.Debug|x64.ActiveCfg = Debug|x64
		{5AA12584-9064-472A-A04E-CB2A911EF271}.Debug|x64.Build.0 = Debug|x64
		{5AA12584-9064-472A-A04E-CB2A911EF271}.Debug|x86.ActiveCfg = Debug|Win32
		{5AA12584-9064-472A-A04E-CB2A911EF271}.Debug|x86.Build.0 = Debug|Win32
		{5AA12584-9064-472A-A04E-CB2A911EF271}.Release|Win32.ActiveCfg = Release|Win32
		{5AA12584-9064-472A-A04E-CB2A911EF271}.Release|Win32.Build.0 = Release|Win32
		{5AA12584-9064-472A-A04E-CB2A911EF271}.Release|x64.ActiveCfg = Release|x64
		{5AA12584-9064-472A-A04E-CB2A911EF271}.Release|x64.Build.0 = Release|x64
		{5AA12584-9064-472A-A04E-CB2A911EF271}.Release|x86.ActiveCfg = Release|Win32
		{5AA12584-9064-472A-A04E-CB2A911EF271}.Release|x86.Build.0 = Release|Win32
	EndGlobalSection
	GlobalSection(SolutionProperties) = preSolution
		HideSolutionNode = FALSE
	EndGlobalSection
	GlobalSection(ExtensibilityGlobals) = postSolution
		SolutionGuid = {0DF25591-6624-4FC3-B2E7-9C360A1B98ED}
	EndGlobalSection
EndGlobal
