
Microsoft Visual Studio Solution File, Format Version 12.00
# Visual Studio 15
VisualStudioVersion = 15.0.28307.106
MinimumVisualStudioVersion = 10.0.40219.1
Project("{8BC9CEB8-8B4A-11D0-8D11-00A0C91BC942}") = "UnitTest", "UnitTest\UnitTest.vcxproj", "{02425FB5-E15F-4B7D-84FC-DA0B04920551}"
EndProject
Project("{8BC9CEB8-8B4A-11D0-8D11-00A0C91BC942}") = "MathFuncLib", "MathFuncLib\MathFuncLib.vcxproj", "{5AA12584-9064-472A-A04E-CB2A911EF271}"
EndProject
Project("{8BC9CEB8-8B4A-11D0-8D11-00A0C91BC942}") = "Binary", "Binary\Binary.vcxproj", "{AC77239F-6F03-4C44-BA51-D7245C257560}"
EndProject
Global
	GlobalSection(SolutionConfigurationPlatforms) = preSolution
		Debug|x64 = Debug|x64
		Debug|x86 = Debug|x86
		Release|x64 = Release|x64
		Release|x86 = Release|x86
	EndGlobalSection
	GlobalSection(ProjectConfigurationPlatforms) = postSolution
		{02425FB5-E15F-4B7D-84FC-DA0B04920551}.Debug|x64.ActiveCfg = Debug|x64
		{02425FB5-E15F-4B7D-84FC-DA0B04920551}.Debug|x64.Build.0 = Debug|x64
		{02425FB5-E15F-4B7D-84FC-DA0B04920551}.Debug|x86.ActiveCfg = Debug|Win32
		{02425FB5-E15F-4B7D-84FC-DA0B04920551}.Debug|x86.Build.0 = Debug|Win32
		{02425FB5-E15F-4B7D-84FC-DA0B04920551}.Release|x64.ActiveCfg = Release|x64
		{02425FB5-E15F-4B7D-84FC-DA0B04920551}.Release|x64.Build.0 = Release|x64
		{02425FB5-E15F-4B7D-84FC-DA0B04920551}.Release|x86.ActiveCfg = Release|Win32
		{02425FB5-E15F-4B7D-84FC-DA0B04920551}.Release|x86.Build.0 = Release|Win32
		{5AA12584-9064-472A-A04E-CB2A911EF271}.Debug|x64.ActiveCfg = Debug|x64
		{5AA12584-9064-472A-A04E-CB2A911EF271}.Debug|x64.Build.0 = Debug|x64
		{5AA12584-9064-472A-A04E-CB2A911EF271}.Debug|x86.ActiveCfg = Debug|Win32
		{5AA12584-9064-472A-A04E-CB2A911EF271}.Debug|x86.Build.0 = Debug|Win32
		{5AA12584-9064-472A-A04E-CB2A911EF271}.Release|x64.ActiveCfg = Release|x64
		{5AA12584-9064-472A-A04E-CB2A911EF271}.Release|x64.Build.0 = Release|x64
		{5AA12584-9064-472A-A04E-CB2A911EF271}.Release|x86.ActiveCfg = Release|Win32
		{5AA12584-9064-472A-A04E-CB2A911EF271}.Release|x86.Build.0 = Release|Win32
		{AC77239F-6F03-4C44-BA51-D7245C257560}.Debug|x64.ActiveCfg = Debug|x64
		{AC77239F-6F03-4C44-BA51-D7245C257560}.Debug|x64.Build.0 = Debug|x64
		{AC77239F-6F03-4C44-BA51-D7245C257560}.Debug|x86.ActiveCfg = Debug|Win32
		{AC77239F-6F03-4C44-BA51-D7245C257560}.Debug|x86.Build.0 = Debug|Win32
		{AC77239F-6F03-4C44-BA51-D7245C257560}.Release|x64.ActiveCfg = Release|x64
		{AC77239F-6F03-4C44-BA51-D7245C257560}.Release|x64.Build.0 = Release|x64
		{AC77239F-6F03-4C44-BA51-D7245C257560}.Release|x86.ActiveCfg = Release|Win32
		{AC77239F-6F03-4C44-BA51-D7245C257560}.Release|x86.Build.0 = Release|Win32
	EndGlobalSection
	GlobalSection(SolutionProperties) = preSolution
		HideSolutionNode = FALSE
	EndGlobalSection
	GlobalSection(ExtensibilityGlobals) = postSolution
		SolutionGuid = {B7C577B0-293E-41F9-ADE4-825DA3BDD15B}
	EndGlobalSection
EndGlobal
