
Microsoft Visual Studio Solution File, Format Version 12.00
# Visual Studio Version 16
VisualStudioVersion = 16.0.28803.202
MinimumVisualStudioVersion = 10.0.40219.1
Project("{8BC9CEB8-8B4A-11D0-8D11-00A0C91BC942}") = "Bootstrap", "bootstrap\Bootstrap.vcxproj", "{AF59BB0B-E059-4773-83DC-728A949647DA}"
EndProject
Project("{8BC9CEB8-8B4A-11D0-8D11-00A0C91BC942}") = "Project2D", "Project2D\Project2D.vcxproj", "{3F428D0C-1CC8-47C3-818A-A3C2972C74C9}"
	ProjectSection(ProjectDependencies) = postProject
		{AF59BB0B-E059-4773-83DC-728A949647DA} = {AF59BB0B-E059-4773-83DC-728A949647DA}
	EndProjectSection
EndProject
Project("{8BC9CEB8-8B4A-11D0-8D11-00A0C91BC942}") = "Project3D", "Project3D\Project3D.vcxproj", "{EA21C4DF-E331-4FCF-8513-14A3F56B77F3}"
	ProjectSection(ProjectDependencies) = postProject
		{AF59BB0B-E059-4773-83DC-728A949647DA} = {AF59BB0B-E059-4773-83DC-728A949647DA}
	EndProjectSection
EndProject
Project("{8BC9CEB8-8B4A-11D0-8D11-00A0C91BC942}") = "TestProject2D", "TestProject2D\TestProject2D.vcxproj", "{DEA49362-B428-4215-8D64-4EA0B4FF0858}"
EndProject
Project("{8BC9CEB8-8B4A-11D0-8D11-00A0C91BC942}") = "ConnectFour", "ConnectFour\ConnectFour.vcxproj", "{7EC5A540-F418-435A-83D9-BD48CAF90B1E}"
EndProject
Project("{8BC9CEB8-8B4A-11D0-8D11-00A0C91BC942}") = "CDDS_FiniteStateMachine_Student", "CDDS_FiniteStateMachine_Student\CDDS_FiniteStateMachine_Student.vcxproj", "{88724726-CC3A-4513-8400-E775303CC9C9}"
EndProject
Project("{8BC9CEB8-8B4A-11D0-8D11-00A0C91BC942}") = "BinaryTrees", "BinaryTrees\BinaryTrees.vcxproj", "{41D3E169-CABC-4F77-AD29-CFC7236B47C8}"
	ProjectSection(ProjectDependencies) = postProject
		{AF59BB0B-E059-4773-83DC-728A949647DA} = {AF59BB0B-E059-4773-83DC-728A949647DA}
	EndProjectSection
EndProject
Project("{8BC9CEB8-8B4A-11D0-8D11-00A0C91BC942}") = "Simon - Assignment", "Simon - Assignment\Simon - Assignment.vcxproj", "{EFE14BF6-FFA1-43F1-82FC-090E08288017}"
	ProjectSection(ProjectDependencies) = postProject
		{AF59BB0B-E059-4773-83DC-728A949647DA} = {AF59BB0B-E059-4773-83DC-728A949647DA}
		{DEA49362-B428-4215-8D64-4EA0B4FF0858} = {DEA49362-B428-4215-8D64-4EA0B4FF0858}
	EndProjectSection
EndProject
Project("{8BC9CEB8-8B4A-11D0-8D11-00A0C91BC942}") = "DoubleLinkedList", "DoubleLinkedList\DoubleLinkedList.vcxproj", "{DC55B963-CC08-43B6-A53C-24646C7D1FA5}"
EndProject
Project("{8BC9CEB8-8B4A-11D0-8D11-00A0C91BC942}") = "HASHING", "HASHING\HASHING.vcxproj", "{95D7CCA6-CC7D-4290-AEC3-CA160DB86A74}"
EndProject
Global
	GlobalSection(SolutionConfigurationPlatforms) = preSolution
		Debug|x64 = Debug|x64
		Debug|x86 = Debug|x86
		Release|x64 = Release|x64
		Release|x86 = Release|x86
	EndGlobalSection
	GlobalSection(ProjectConfigurationPlatforms) = postSolution
		{AF59BB0B-E059-4773-83DC-728A949647DA}.Debug|x64.ActiveCfg = Debug|x64
		{AF59BB0B-E059-4773-83DC-728A949647DA}.Debug|x64.Build.0 = Debug|x64
		{AF59BB0B-E059-4773-83DC-728A949647DA}.Debug|x86.ActiveCfg = Debug|Win32
		{AF59BB0B-E059-4773-83DC-728A949647DA}.Debug|x86.Build.0 = Debug|Win32
		{AF59BB0B-E059-4773-83DC-728A949647DA}.Release|x64.ActiveCfg = Release|x64
		{AF59BB0B-E059-4773-83DC-728A949647DA}.Release|x64.Build.0 = Release|x64
		{AF59BB0B-E059-4773-83DC-728A949647DA}.Release|x86.ActiveCfg = Release|Win32
		{AF59BB0B-E059-4773-83DC-728A949647DA}.Release|x86.Build.0 = Release|Win32
		{3F428D0C-1CC8-47C3-818A-A3C2972C74C9}.Debug|x64.ActiveCfg = Debug|x64
		{3F428D0C-1CC8-47C3-818A-A3C2972C74C9}.Debug|x64.Build.0 = Debug|x64
		{3F428D0C-1CC8-47C3-818A-A3C2972C74C9}.Debug|x86.ActiveCfg = Debug|Win32
		{3F428D0C-1CC8-47C3-818A-A3C2972C74C9}.Debug|x86.Build.0 = Debug|Win32
		{3F428D0C-1CC8-47C3-818A-A3C2972C74C9}.Release|x64.ActiveCfg = Release|x64
		{3F428D0C-1CC8-47C3-818A-A3C2972C74C9}.Release|x64.Build.0 = Release|x64
		{3F428D0C-1CC8-47C3-818A-A3C2972C74C9}.Release|x86.ActiveCfg = Release|Win32
		{3F428D0C-1CC8-47C3-818A-A3C2972C74C9}.Release|x86.Build.0 = Release|Win32
		{EA21C4DF-E331-4FCF-8513-14A3F56B77F3}.Debug|x64.ActiveCfg = Debug|x64
		{EA21C4DF-E331-4FCF-8513-14A3F56B77F3}.Debug|x64.Build.0 = Debug|x64
		{EA21C4DF-E331-4FCF-8513-14A3F56B77F3}.Debug|x86.ActiveCfg = Debug|Win32
		{EA21C4DF-E331-4FCF-8513-14A3F56B77F3}.Debug|x86.Build.0 = Debug|Win32
		{EA21C4DF-E331-4FCF-8513-14A3F56B77F3}.Release|x64.ActiveCfg = Release|x64
		{EA21C4DF-E331-4FCF-8513-14A3F56B77F3}.Release|x64.Build.0 = Release|x64
		{EA21C4DF-E331-4FCF-8513-14A3F56B77F3}.Release|x86.ActiveCfg = Release|Win32
		{EA21C4DF-E331-4FCF-8513-14A3F56B77F3}.Release|x86.Build.0 = Release|Win32
		{DEA49362-B428-4215-8D64-4EA0B4FF0858}.Debug|x64.ActiveCfg = Debug|x64
		{DEA49362-B428-4215-8D64-4EA0B4FF0858}.Debug|x64.Build.0 = Debug|x64
		{DEA49362-B428-4215-8D64-4EA0B4FF0858}.Debug|x86.ActiveCfg = Debug|Win32
		{DEA49362-B428-4215-8D64-4EA0B4FF0858}.Debug|x86.Build.0 = Debug|Win32
		{DEA49362-B428-4215-8D64-4EA0B4FF0858}.Release|x64.ActiveCfg = Release|x64
		{DEA49362-B428-4215-8D64-4EA0B4FF0858}.Release|x64.Build.0 = Release|x64
		{DEA49362-B428-4215-8D64-4EA0B4FF0858}.Release|x86.ActiveCfg = Release|Win32
		{DEA49362-B428-4215-8D64-4EA0B4FF0858}.Release|x86.Build.0 = Release|Win32
		{7EC5A540-F418-435A-83D9-BD48CAF90B1E}.Debug|x64.ActiveCfg = Debug|x64
		{7EC5A540-F418-435A-83D9-BD48CAF90B1E}.Debug|x64.Build.0 = Debug|x64
		{7EC5A540-F418-435A-83D9-BD48CAF90B1E}.Debug|x86.ActiveCfg = Debug|Win32
		{7EC5A540-F418-435A-83D9-BD48CAF90B1E}.Debug|x86.Build.0 = Debug|Win32
		{7EC5A540-F418-435A-83D9-BD48CAF90B1E}.Release|x64.ActiveCfg = Release|x64
		{7EC5A540-F418-435A-83D9-BD48CAF90B1E}.Release|x64.Build.0 = Release|x64
		{7EC5A540-F418-435A-83D9-BD48CAF90B1E}.Release|x86.ActiveCfg = Release|Win32
		{7EC5A540-F418-435A-83D9-BD48CAF90B1E}.Release|x86.Build.0 = Release|Win32
		{88724726-CC3A-4513-8400-E775303CC9C9}.Debug|x64.ActiveCfg = Debug|x64
		{88724726-CC3A-4513-8400-E775303CC9C9}.Debug|x64.Build.0 = Debug|x64
		{88724726-CC3A-4513-8400-E775303CC9C9}.Debug|x86.ActiveCfg = Debug|Win32
		{88724726-CC3A-4513-8400-E775303CC9C9}.Debug|x86.Build.0 = Debug|Win32
		{88724726-CC3A-4513-8400-E775303CC9C9}.Release|x64.ActiveCfg = Release|x64
		{88724726-CC3A-4513-8400-E775303CC9C9}.Release|x64.Build.0 = Release|x64
		{88724726-CC3A-4513-8400-E775303CC9C9}.Release|x86.ActiveCfg = Release|Win32
		{88724726-CC3A-4513-8400-E775303CC9C9}.Release|x86.Build.0 = Release|Win32
		{41D3E169-CABC-4F77-AD29-CFC7236B47C8}.Debug|x64.ActiveCfg = Debug|x64
		{41D3E169-CABC-4F77-AD29-CFC7236B47C8}.Debug|x64.Build.0 = Debug|x64
		{41D3E169-CABC-4F77-AD29-CFC7236B47C8}.Debug|x86.ActiveCfg = Debug|Win32
		{41D3E169-CABC-4F77-AD29-CFC7236B47C8}.Debug|x86.Build.0 = Debug|Win32
		{41D3E169-CABC-4F77-AD29-CFC7236B47C8}.Release|x64.ActiveCfg = Release|x64
		{41D3E169-CABC-4F77-AD29-CFC7236B47C8}.Release|x64.Build.0 = Release|x64
		{41D3E169-CABC-4F77-AD29-CFC7236B47C8}.Release|x86.ActiveCfg = Release|Win32
		{41D3E169-CABC-4F77-AD29-CFC7236B47C8}.Release|x86.Build.0 = Release|Win32
		{EFE14BF6-FFA1-43F1-82FC-090E08288017}.Debug|x64.ActiveCfg = Debug|x64
		{EFE14BF6-FFA1-43F1-82FC-090E08288017}.Debug|x64.Build.0 = Debug|x64
		{EFE14BF6-FFA1-43F1-82FC-090E08288017}.Debug|x86.ActiveCfg = Debug|Win32
		{EFE14BF6-FFA1-43F1-82FC-090E08288017}.Debug|x86.Build.0 = Debug|Win32
		{EFE14BF6-FFA1-43F1-82FC-090E08288017}.Release|x64.ActiveCfg = Release|x64
		{EFE14BF6-FFA1-43F1-82FC-090E08288017}.Release|x64.Build.0 = Release|x64
		{EFE14BF6-FFA1-43F1-82FC-090E08288017}.Release|x86.ActiveCfg = Release|Win32
		{EFE14BF6-FFA1-43F1-82FC-090E08288017}.Release|x86.Build.0 = Release|Win32
		{DC55B963-CC08-43B6-A53C-24646C7D1FA5}.Debug|x64.ActiveCfg = Debug|x64
		{DC55B963-CC08-43B6-A53C-24646C7D1FA5}.Debug|x64.Build.0 = Debug|x64
		{DC55B963-CC08-43B6-A53C-24646C7D1FA5}.Debug|x86.ActiveCfg = Debug|Win32
		{DC55B963-CC08-43B6-A53C-24646C7D1FA5}.Debug|x86.Build.0 = Debug|Win32
		{DC55B963-CC08-43B6-A53C-24646C7D1FA5}.Release|x64.ActiveCfg = Release|x64
		{DC55B963-CC08-43B6-A53C-24646C7D1FA5}.Release|x64.Build.0 = Release|x64
		{DC55B963-CC08-43B6-A53C-24646C7D1FA5}.Release|x86.ActiveCfg = Release|Win32
		{DC55B963-CC08-43B6-A53C-24646C7D1FA5}.Release|x86.Build.0 = Release|Win32
		{95D7CCA6-CC7D-4290-AEC3-CA160DB86A74}.Debug|x64.ActiveCfg = Debug|x64
		{95D7CCA6-CC7D-4290-AEC3-CA160DB86A74}.Debug|x64.Build.0 = Debug|x64
		{95D7CCA6-CC7D-4290-AEC3-CA160DB86A74}.Debug|x86.ActiveCfg = Debug|Win32
		{95D7CCA6-CC7D-4290-AEC3-CA160DB86A74}.Debug|x86.Build.0 = Debug|Win32
		{95D7CCA6-CC7D-4290-AEC3-CA160DB86A74}.Release|x64.ActiveCfg = Release|x64
		{95D7CCA6-CC7D-4290-AEC3-CA160DB86A74}.Release|x64.Build.0 = Release|x64
		{95D7CCA6-CC7D-4290-AEC3-CA160DB86A74}.Release|x86.ActiveCfg = Release|Win32
		{95D7CCA6-CC7D-4290-AEC3-CA160DB86A74}.Release|x86.Build.0 = Release|Win32
	EndGlobalSection
	GlobalSection(SolutionProperties) = preSolution
		HideSolutionNode = FALSE
	EndGlobalSection
	GlobalSection(ExtensibilityGlobals) = postSolution
		SolutionGuid = {15DD1AA8-7293-4932-B70B-E97338BAA151}
	EndGlobalSection
EndGlobal
